
Microsoft Visual Studio Solution File, Format Version 12.00
# Visual Studio Version 16
VisualStudioVersion = 16.0.30907.101
MinimumVisualStudioVersion = 10.0.40219.1
Project("{FAE04EC0-301F-11D3-BF4B-00C04F79EFBC}") = "Ejemplo 3", "Ejemplo 3\Ejemplo 3.csproj", "{2AE1B4F7-73CB-4374-909C-E799977BC45C}"
EndProject
Global
	GlobalSection(SolutionConfigurationPlatforms) = preSolution
		Debug|Any CPU = Debug|Any CPU
		Release|Any CPU = Release|Any CPU
	EndGlobalSection
	GlobalSection(ProjectConfigurationPlatforms) = postSolution
		{2AE1B4F7-73CB-4374-909C-E799977BC45C}.Debug|Any CPU.ActiveCfg = Debug|Any CPU
		{2AE1B4F7-73CB-4374-909C-E799977BC45C}.Debug|Any CPU.Build.0 = Debug|Any CPU
		{2AE1B4F7-73CB-4374-909C-E799977BC45C}.Release|Any CPU.ActiveCfg = Release|Any CPU
		{2AE1B4F7-73CB-4374-909C-E799977BC45C}.Release|Any CPU.Build.0 = Release|Any CPU
	EndGlobalSection
	GlobalSection(SolutionProperties) = preSolution
		HideSolutionNode = FALSE
	EndGlobalSection
	GlobalSection(ExtensibilityGlobals) = postSolution
		SolutionGuid = {D28CB912-9D7B-4130-9502-D5995BDE3C29}
	EndGlobalSection
EndGlobal
